
Microsoft Visual Studio Solution File, Format Version 12.00
# Visual Studio Version 16
VisualStudioVersion = 16.0.28803.452
MinimumVisualStudioVersion = 10.0.40219.1
Project("{FAE04EC0-301F-11D3-BF4B-00C04F79EFBC}") = "NorskTipping", "NorskTipping\NorskTipping.csproj", "{39FCF848-262A-4D4B-BFB0-BFEC453B3455}"
EndProject
Project("{FAE04EC0-301F-11D3-BF4B-00C04F79EFBC}") = "Presentation.Web", "Presentation.Web\Presentation.Web.csproj", "{8E88D50F-4082-4CB3-A01B-16654E427010}"
EndProject
Project("{FAE04EC0-301F-11D3-BF4B-00C04F79EFBC}") = "NorskTippingTest", "NorskTippingTest\NorskTippingTest.csproj", "{822732D4-FAAC-422A-95CC-3C8E03B2A6F4}"
EndProject
Project("{00D1A9C2-B5F0-4AF3-8072-F6C62B433612}") = "Database.Development", "Database.Development\Database.Development.sqlproj", "{471B0751-4A30-4F57-9678-A7C543C1F73D}"
EndProject
Project("{FAE04EC0-301F-11D3-BF4B-00C04F79EFBC}") = "Security.Identity", "Security.Identity\Security.Identity.csproj", "{30481208-A0B5-409E-9DC2-3D0ABFF221B5}"
EndProject
Project("{FAE04EC0-301F-11D3-BF4B-00C04F79EFBC}") = "Library.Net", "Library.Net\Library.Net.csproj", "{8FCD72DC-3134-4905-BE41-4A62E41A3C82}"
EndProject
Global
	GlobalSection(SolutionConfigurationPlatforms) = preSolution
		Debug|Any CPU = Debug|Any CPU
		Release|Any CPU = Release|Any CPU
	EndGlobalSection
	GlobalSection(ProjectConfigurationPlatforms) = postSolution
		{39FCF848-262A-4D4B-BFB0-BFEC453B3455}.Debug|Any CPU.ActiveCfg = Debug|Any CPU
		{39FCF848-262A-4D4B-BFB0-BFEC453B3455}.Debug|Any CPU.Build.0 = Debug|Any CPU
		{39FCF848-262A-4D4B-BFB0-BFEC453B3455}.Release|Any CPU.ActiveCfg = Release|Any CPU
		{39FCF848-262A-4D4B-BFB0-BFEC453B3455}.Release|Any CPU.Build.0 = Release|Any CPU
		{8E88D50F-4082-4CB3-A01B-16654E427010}.Debug|Any CPU.ActiveCfg = Debug|Any CPU
		{8E88D50F-4082-4CB3-A01B-16654E427010}.Debug|Any CPU.Build.0 = Debug|Any CPU
		{8E88D50F-4082-4CB3-A01B-16654E427010}.Release|Any CPU.ActiveCfg = Release|Any CPU
		{8E88D50F-4082-4CB3-A01B-16654E427010}.Release|Any CPU.Build.0 = Release|Any CPU
		{822732D4-FAAC-422A-95CC-3C8E03B2A6F4}.Debug|Any CPU.ActiveCfg = Debug|Any CPU
		{822732D4-FAAC-422A-95CC-3C8E03B2A6F4}.Debug|Any CPU.Build.0 = Debug|Any CPU
		{822732D4-FAAC-422A-95CC-3C8E03B2A6F4}.Release|Any CPU.ActiveCfg = Release|Any CPU
		{822732D4-FAAC-422A-95CC-3C8E03B2A6F4}.Release|Any CPU.Build.0 = Release|Any CPU
		{471B0751-4A30-4F57-9678-A7C543C1F73D}.Debug|Any CPU.ActiveCfg = Debug|Any CPU
		{471B0751-4A30-4F57-9678-A7C543C1F73D}.Debug|Any CPU.Build.0 = Debug|Any CPU
		{471B0751-4A30-4F57-9678-A7C543C1F73D}.Debug|Any CPU.Deploy.0 = Debug|Any CPU
		{471B0751-4A30-4F57-9678-A7C543C1F73D}.Release|Any CPU.ActiveCfg = Release|Any CPU
		{471B0751-4A30-4F57-9678-A7C543C1F73D}.Release|Any CPU.Build.0 = Release|Any CPU
		{471B0751-4A30-4F57-9678-A7C543C1F73D}.Release|Any CPU.Deploy.0 = Release|Any CPU
		{30481208-A0B5-409E-9DC2-3D0ABFF221B5}.Debug|Any CPU.ActiveCfg = Debug|Any CPU
		{30481208-A0B5-409E-9DC2-3D0ABFF221B5}.Debug|Any CPU.Build.0 = Debug|Any CPU
		{30481208-A0B5-409E-9DC2-3D0ABFF221B5}.Release|Any CPU.ActiveCfg = Release|Any CPU
		{30481208-A0B5-409E-9DC2-3D0ABFF221B5}.Release|Any CPU.Build.0 = Release|Any CPU
		{8FCD72DC-3134-4905-BE41-4A62E41A3C82}.Debug|Any CPU.ActiveCfg = Debug|Any CPU
		{8FCD72DC-3134-4905-BE41-4A62E41A3C82}.Debug|Any CPU.Build.0 = Debug|Any CPU
		{8FCD72DC-3134-4905-BE41-4A62E41A3C82}.Release|Any CPU.ActiveCfg = Release|Any CPU
		{8FCD72DC-3134-4905-BE41-4A62E41A3C82}.Release|Any CPU.Build.0 = Release|Any CPU
	EndGlobalSection
	GlobalSection(SolutionProperties) = preSolution
		HideSolutionNode = FALSE
	EndGlobalSection
	GlobalSection(ExtensibilityGlobals) = postSolution
		SolutionGuid = {215FA859-F426-452F-AD04-D1DDB9F3D337}
	EndGlobalSection
EndGlobal
